
Microsoft Visual Studio Solution File, Format Version 12.00
# Visual Studio Version 17
VisualStudioVersion = 17.0.31903.59
MinimumVisualStudioVersion = 10.0.40219.1
Project("{2150E333-8FDC-42A3-9474-1A3956D46DE8}") = "src", "src", "{827E0CD3-B72D-47B6-A68D-7590B98EB39B}"
EndProject
Project("{FAE04EC0-301F-11D3-BF4B-00C04F79EFBC}") = "DuneFlame.Domain", "src\DuneFlame.Domain\DuneFlame.Domain.csproj", "{4A3537B8-B731-4F16-ADC8-85405D8A3B4A}"
EndProject
Project("{FAE04EC0-301F-11D3-BF4B-00C04F79EFBC}") = "DuneFlame.Application", "src\DuneFlame.Application\DuneFlame.Application.csproj", "{A03E2FA4-5AD8-4A19-BA72-7CEEC4B1A9A1}"
EndProject
Project("{FAE04EC0-301F-11D3-BF4B-00C04F79EFBC}") = "DuneFlame.Infrastructure", "src\DuneFlame.Infrastructure\DuneFlame.Infrastructure.csproj", "{5F73F608-3088-40DA-B7C6-8EF7273E257E}"
EndProject
Project("{FAE04EC0-301F-11D3-BF4B-00C04F79EFBC}") = "DuneFlame.API", "src\DuneFlame.API\DuneFlame.API.csproj", "{792D4C8F-AD4E-42BF-AB8A-D488A14FC9C7}"
EndProject
Project("{2150E333-8FDC-42A3-9474-1A3956D46DE8}") = "tests", "tests", "{0AB3BF05-4346-4AA6-1389-037BE0695223}"
EndProject
Project("{FAE04EC0-301F-11D3-BF4B-00C04F79EFBC}") = "DuneFlame.UnitTests", "tests\DuneFlame.UnitTests\DuneFlame.UnitTests.csproj", "{CFA77BDA-0833-40AC-A0AA-71CEDF5575F5}"
EndProject
Project("{FAE04EC0-301F-11D3-BF4B-00C04F79EFBC}") = "DuneFlame.IntegrationTests", "tests\DuneFlame.IntegrationTests\DuneFlame.IntegrationTests.csproj", "{7A0127B4-A16A-4120-9B9C-0EB4556B6F46}"
EndProject
Global
	GlobalSection(SolutionConfigurationPlatforms) = preSolution
		Debug|Any CPU = Debug|Any CPU
		Debug|x64 = Debug|x64
		Debug|x86 = Debug|x86
		Release|Any CPU = Release|Any CPU
		Release|x64 = Release|x64
		Release|x86 = Release|x86
	EndGlobalSection
	GlobalSection(ProjectConfigurationPlatforms) = postSolution
		{4A3537B8-B731-4F16-ADC8-85405D8A3B4A}.Debug|Any CPU.ActiveCfg = Debug|Any CPU
		{4A3537B8-B731-4F16-ADC8-85405D8A3B4A}.Debug|Any CPU.Build.0 = Debug|Any CPU
		{4A3537B8-B731-4F16-ADC8-85405D8A3B4A}.Debug|x64.ActiveCfg = Debug|Any CPU
		{4A3537B8-B731-4F16-ADC8-85405D8A3B4A}.Debug|x64.Build.0 = Debug|Any CPU
		{4A3537B8-B731-4F16-ADC8-85405D8A3B4A}.Debug|x86.ActiveCfg = Debug|Any CPU
		{4A3537B8-B731-4F16-ADC8-85405D8A3B4A}.Debug|x86.Build.0 = Debug|Any CPU
		{4A3537B8-B731-4F16-ADC8-85405D8A3B4A}.Release|Any CPU.ActiveCfg = Release|Any CPU
		{4A3537B8-B731-4F16-ADC8-85405D8A3B4A}.Release|Any CPU.Build.0 = Release|Any CPU
		{4A3537B8-B731-4F16-ADC8-85405D8A3B4A}.Release|x64.ActiveCfg = Release|Any CPU
		{4A3537B8-B731-4F16-ADC8-85405D8A3B4A}.Release|x64.Build.0 = Release|Any CPU
		{4A3537B8-B731-4F16-ADC8-85405D8A3B4A}.Release|x86.ActiveCfg = Release|Any CPU
		{4A3537B8-B731-4F16-ADC8-85405D8A3B4A}.Release|x86.Build.0 = Release|Any CPU
		{A03E2FA4-5AD8-4A19-BA72-7CEEC4B1A9A1}.Debug|Any CPU.ActiveCfg = Debug|Any CPU
		{A03E2FA4-5AD8-4A19-BA72-7CEEC4B1A9A1}.Debug|Any CPU.Build.0 = Debug|Any CPU
		{A03E2FA4-5AD8-4A19-BA72-7CEEC4B1A9A1}.Debug|x64.ActiveCfg = Debug|Any CPU
		{A03E2FA4-5AD8-4A19-BA72-7CEEC4B1A9A1}.Debug|x64.Build.0 = Debug|Any CPU
		{A03E2FA4-5AD8-4A19-BA72-7CEEC4B1A9A1}.Debug|x86.ActiveCfg = Debug|Any CPU
		{A03E2FA4-5AD8-4A19-BA72-7CEEC4B1A9A1}.Debug|x86.Build.0 = Debug|Any CPU
		{A03E2FA4-5AD8-4A19-BA72-7CEEC4B1A9A1}.Release|Any CPU.ActiveCfg = Release|Any CPU
		{A03E2FA4-5AD8-4A19-BA72-7CEEC4B1A9A1}.Release|Any CPU.Build.0 = Release|Any CPU
		{A03E2FA4-5AD8-4A19-BA72-7CEEC4B1A9A1}.Release|x64.ActiveCfg = Release|Any CPU
		{A03E2FA4-5AD8-4A19-BA72-7CEEC4B1A9A1}.Release|x64.Build.0 = Release|Any CPU
		{A03E2FA4-5AD8-4A19-BA72-7CEEC4B1A9A1}.Release|x86.ActiveCfg = Release|Any CPU
		{A03E2FA4-5AD8-4A19-BA72-7CEEC4B1A9A1}.Release|x86.Build.0 = Release|Any CPU
		{5F73F608-3088-40DA-B7C6-8EF7273E257E}.Debug|Any CPU.ActiveCfg = Debug|Any CPU
		{5F73F608-3088-40DA-B7C6-8EF7273E257E}.Debug|Any CPU.Build.0 = Debug|Any CPU
		{5F73F608-3088-40DA-B7C6-8EF7273E257E}.Debug|x64.ActiveCfg = Debug|Any CPU
		{5F73F608-3088-40DA-B7C6-8EF7273E257E}.Debug|x64.Build.0 = Debug|Any CPU
		{5F73F608-3088-40DA-B7C6-8EF7273E257E}.Debug|x86.ActiveCfg = Debug|Any CPU
		{5F73F608-3088-40DA-B7C6-8EF7273E257E}.Debug|x86.Build.0 = Debug|Any CPU
		{5F73F608-3088-40DA-B7C6-8EF7273E257E}.Release|Any CPU.ActiveCfg = Release|Any CPU
		{5F73F608-3088-40DA-B7C6-8EF7273E257E}.Release|Any CPU.Build.0 = Release|Any CPU
		{5F73F608-3088-40DA-B7C6-8EF7273E257E}.Release|x64.ActiveCfg = Release|Any CPU
		{5F73F608-3088-40DA-B7C6-8EF7273E257E}.Release|x64.Build.0 = Release|Any CPU
		{5F73F608-3088-40DA-B7C6-8EF7273E257E}.Release|x86.ActiveCfg = Release|Any CPU
		{5F73F608-3088-40DA-B7C6-8EF7273E257E}.Release|x86.Build.0 = Release|Any CPU
		{792D4C8F-AD4E-42BF-AB8A-D488A14FC9C7}.Debug|Any CPU.ActiveCfg = Debug|Any CPU
		{792D4C8F-AD4E-42BF-AB8A-D488A14FC9C7}.Debug|Any CPU.Build.0 = Debug|Any CPU
		{792D4C8F-AD4E-42BF-AB8A-D488A14FC9C7}.Debug|x64.ActiveCfg = Debug|Any CPU
		{792D4C8F-AD4E-42BF-AB8A-D488A14FC9C7}.Debug|x64.Build.0 = Debug|Any CPU
		{792D4C8F-AD4E-42BF-AB8A-D488A14FC9C7}.Debug|x86.ActiveCfg = Debug|Any CPU
		{792D4C8F-AD4E-42BF-AB8A-D488A14FC9C7}.Debug|x86.Build.0 = Debug|Any CPU
		{792D4C8F-AD4E-42BF-AB8A-D488A14FC9C7}.Release|Any CPU.ActiveCfg = Release|Any CPU
		{792D4C8F-AD4E-42BF-AB8A-D488A14FC9C7}.Release|Any CPU.Build.0 = Release|Any CPU
		{792D4C8F-AD4E-42BF-AB8A-D488A14FC9C7}.Release|x64.ActiveCfg = Release|Any CPU
		{792D4C8F-AD4E-42BF-AB8A-D488A14FC9C7}.Release|x64.Build.0 = Release|Any CPU
		{792D4C8F-AD4E-42BF-AB8A-D488A14FC9C7}.Release|x86.ActiveCfg = Release|Any CPU
		{792D4C8F-AD4E-42BF-AB8A-D488A14FC9C7}.Release|x86.Build.0 = Release|Any CPU
		{CFA77BDA-0833-40AC-A0AA-71CEDF5575F5}.Debug|Any CPU.ActiveCfg = Debug|Any CPU
		{CFA77BDA-0833-40AC-A0AA-71CEDF5575F5}.Debug|Any CPU.Build.0 = Debug|Any CPU
		{CFA77BDA-0833-40AC-A0AA-71CEDF5575F5}.Debug|x64.ActiveCfg = Debug|Any CPU
		{CFA77BDA-0833-40AC-A0AA-71CEDF5575F5}.Debug|x64.Build.0 = Debug|Any CPU
		{CFA77BDA-0833-40AC-A0AA-71CEDF5575F5}.Debug|x86.ActiveCfg = Debug|Any CPU
		{CFA77BDA-0833-40AC-A0AA-71CEDF5575F5}.Debug|x86.Build.0 = Debug|Any CPU
		{CFA77BDA-0833-40AC-A0AA-71CEDF5575F5}.Release|Any CPU.ActiveCfg = Release|Any CPU
		{CFA77BDA-0833-40AC-A0AA-71CEDF5575F5}.Release|Any CPU.Build.0 = Release|Any CPU
		{CFA77BDA-0833-40AC-A0AA-71CEDF5575F5}.Release|x64.ActiveCfg = Release|Any CPU
		{CFA77BDA-0833-40AC-A0AA-71CEDF5575F5}.Release|x64.Build.0 = Release|Any CPU
		{CFA77BDA-0833-40AC-A0AA-71CEDF5575F5}.Release|x86.ActiveCfg = Release|Any CPU
		{CFA77BDA-0833-40AC-A0AA-71CEDF5575F5}.Release|x86.Build.0 = Release|Any CPU
		{7A0127B4-A16A-4120-9B9C-0EB4556B6F46}.Debug|Any CPU.ActiveCfg = Debug|Any CPU
		{7A0127B4-A16A-4120-9B9C-0EB4556B6F46}.Debug|Any CPU.Build.0 = Debug|Any CPU
		{7A0127B4-A16A-4120-9B9C-0EB4556B6F46}.Debug|x64.ActiveCfg = Debug|Any CPU
		{7A0127B4-A16A-4120-9B9C-0EB4556B6F46}.Debug|x64.Build.0 = Debug|Any CPU
		{7A0127B4-A16A-4120-9B9C-0EB4556B6F46}.Debug|x86.ActiveCfg = Debug|Any CPU
		{7A0127B4-A16A-4120-9B9C-0EB4556B6F46}.Debug|x86.Build.0 = Debug|Any CPU
		{7A0127B4-A16A-4120-9B9C-0EB4556B6F46}.Release|Any CPU.ActiveCfg = Release|Any CPU
		{7A0127B4-A16A-4120-9B9C-0EB4556B6F46}.Release|Any CPU.Build.0 = Release|Any CPU
		{7A0127B4-A16A-4120-9B9C-0EB4556B6F46}.Release|x64.ActiveCfg = Release|Any CPU
		{7A0127B4-A16A-4120-9B9C-0EB4556B6F46}.Release|x64.Build.0 = Release|Any CPU
		{7A0127B4-A16A-4120-9B9C-0EB4556B6F46}.Release|x86.ActiveCfg = Release|Any CPU
		{7A0127B4-A16A-4120-9B9C-0EB4556B6F46}.Release|x86.Build.0 = Release|Any CPU
	EndGlobalSection
	GlobalSection(SolutionProperties) = preSolution
		HideSolutionNode = FALSE
	EndGlobalSection
	GlobalSection(NestedProjects) = preSolution
		{4A3537B8-B731-4F16-ADC8-85405D8A3B4A} = {827E0CD3-B72D-47B6-A68D-7590B98EB39B}
		{A03E2FA4-5AD8-4A19-BA72-7CEEC4B1A9A1} = {827E0CD3-B72D-47B6-A68D-7590B98EB39B}
		{5F73F608-3088-40DA-B7C6-8EF7273E257E} = {827E0CD3-B72D-47B6-A68D-7590B98EB39B}
		{792D4C8F-AD4E-42BF-AB8A-D488A14FC9C7} = {827E0CD3-B72D-47B6-A68D-7590B98EB39B}
		{CFA77BDA-0833-40AC-A0AA-71CEDF5575F5} = {0AB3BF05-4346-4AA6-1389-037BE0695223}
		{7A0127B4-A16A-4120-9B9C-0EB4556B6F46} = {0AB3BF05-4346-4AA6-1389-037BE0695223}
	EndGlobalSection
EndGlobal
